{
  "lockfileVersion": 1,
  "configVersion": 1,
  "workspaces": {
    "": {
      "name": "agent-os",
    },
    "apps/dep-migrator": {
      "name": "@agent-os/dep-migrator",
      "dependencies": {
        "@agent-os/core": "workspace:*",
      },
    },
    "examples/credential-broker": {
      "name": "@agent-os/credential-broker-demo",
      "dependencies": {
        "@agent-os/core": "workspace:*",
      },
    },
    "examples/tracer-bullet": {
      "name": "@agent-os/tracer-bullet",
      "dependencies": {
        "@agent-os/core": "workspace:*",
      },
    },
    "infra": {
      "name": "@agent-os/infra",
      "version": "0.0.0",
      "bin": {
        "agent-os": "bin/agent-os.ts",
      },
      "dependencies": {
        "aws-cdk-lib": "^2.150.0",
        "constructs": "^10.3.0",
      },
      "devDependencies": {
        "@types/node": "^20.0.0",
        "aws-cdk": "^2.150.0",
        "typescript": "^5.4.0",
      },
    },
    "packages/core": {
      "name": "@agent-os/core",
      "version": "0.0.0",
      "dependencies": {
        "@aws-sdk/client-bedrock-agentcore": "^3.700.0",
        "@aws-sdk/client-bedrock-runtime": "^3.700.0",
        "@opentelemetry/api": "1.9.1",
        "@opentelemetry/exporter-trace-otlp-http": "0.218.0",
        "@opentelemetry/resources": "2.7.1",
        "@opentelemetry/sdk-trace-node": "2.7.1",
      },
    },
    "services/agent-runtime": {
      "name": "@agent-os/agent-runtime",
      "dependencies": {
        "@agent-os/core": "workspace:*",
      },
    },
  },
  "packages": {
    "@agent-os/agent-runtime": ["@agent-os/agent-runtime@workspace:services/agent-runtime"],

    "@agent-os/core": ["@agent-os/core@workspace:packages/core"],

    "@agent-os/credential-broker-demo": ["@agent-os/credential-broker-demo@workspace:examples/credential-broker"],

    "@agent-os/dep-migrator": ["@agent-os/dep-migrator@workspace:apps/dep-migrator"],

    "@agent-os/infra": ["@agent-os/infra@workspace:infra"],

    "@agent-os/tracer-bullet": ["@agent-os/tracer-bullet@workspace:examples/tracer-bullet"],

    "@aws-cdk/asset-awscli-v1": ["@aws-cdk/asset-awscli-v1@2.2.273", "", {}, "sha512-X57HYUtHt9BQrlrzUNcMyRsDUCoakYNnY6qh5lNwRCHPtQoTfXmuISkfLk0AjLkcbS5lw1LLTQFiQhTDXfiTvg=="],

    "@aws-cdk/asset-node-proxy-agent-v6": ["@aws-cdk/asset-node-proxy-agent-v6@2.1.2", "", {}, "sha512-pDiuqH+qY3zM9lhhLjbKJ1tnKOHzQ2V4Wr/3qsxyKeKAkuPMI/BVGvZG1PbrikUw949cGVTfVEt4ETKKYnrj0Q=="],

    "@aws-cdk/cloud-assembly-api": ["@aws-cdk/cloud-assembly-api@2.2.4", "", { "dependencies": { "jsonschema": "^1.5.0", "semver": "^7.8.0" }, "peerDependencies": { "@aws-cdk/cloud-assembly-schema": ">=53.25.0" } }, "sha512-ob4M97DuBQ3HpwtUD6Wosuc731pPbqQuNGZuZfRBEcaOwEsJFwbXkZJC0M4JaDUqi2c50uLHkR346v6wIn5GDg=="],

    "@aws-cdk/cloud-assembly-schema": ["@aws-cdk/cloud-assembly-schema@53.27.0", "", { "dependencies": { "jsonschema": "^1.5.0", "semver": "^7.8.0" } }, "sha512-OTxe/L2Vc60r2nYih7kFaFpn93sa7shJu9T0tQZsryeDE3HHOAuazKNmS6tLInOjJjVx/dvM5XGyUA+lZAiKxA=="],

    "@aws-crypto/crc32": ["@aws-crypto/crc32@5.2.0", "", { "dependencies": { "@aws-crypto/util": "^5.2.0", "@aws-sdk/types": "^3.222.0", "tslib": "^2.6.2" } }, "sha512-nLbCWqQNgUiwwtFsen1AdzAtvuLRsQS8rYgMuxCrdKf9kOssamGLuPwyTY9wyYblNr9+1XM8v6zoDTPPSIeANg=="],

    "@aws-crypto/sha256-browser": ["@aws-crypto/sha256-browser@5.2.0", "", { "dependencies": { "@aws-crypto/sha256-js": "^5.2.0", "@aws-crypto/supports-web-crypto": "^5.2.0", "@aws-crypto/util": "^5.2.0", "@aws-sdk/types": "^3.222.0", "@aws-sdk/util-locate-window": "^3.0.0", "@smithy/util-utf8": "^2.0.0", "tslib": "^2.6.2" } }, "sha512-AXfN/lGotSQwu6HNcEsIASo7kWXZ5HYWvfOmSNKDsEqC4OashTp8alTmaz+F7TC2L083SFv5RdB+qU3Vs1kZqw=="],

    "@aws-crypto/sha256-js": ["@aws-crypto/sha256-js@5.2.0", "", { "dependencies": { "@aws-crypto/util": "^5.2.0", "@aws-sdk/types": "^3.222.0", "tslib": "^2.6.2" } }, "sha512-FFQQyu7edu4ufvIZ+OadFpHHOt+eSTBaYaki44c+akjg7qZg9oOQeLlk77F6tSYqjDAFClrHJk9tMf0HdVyOvA=="],

    "@aws-crypto/supports-web-crypto": ["@aws-crypto/supports-web-crypto@5.2.0", "", { "dependencies": { "tslib": "^2.6.2" } }, "sha512-iAvUotm021kM33eCdNfwIN//F77/IADDSs58i+MDaOqFrVjZo9bAal0NK7HurRuWLLpF1iLX7gbWrjHjeo+YFg=="],

    "@aws-crypto/util": ["@aws-crypto/util@5.2.0", "", { "dependencies": { "@aws-sdk/types": "^3.222.0", "@smithy/util-utf8": "^2.0.0", "tslib": "^2.6.2" } }, "sha512-4RkU9EsI6ZpBve5fseQlGNUWKMa1RLPQ1dnjnQoe07ldfIzcsGb5hC5W0Dm7u423KWzawlrpbjXBrXCEv9zazQ=="],

    "@aws-sdk/client-bedrock-agentcore": ["@aws-sdk/client-bedrock-agentcore@3.1053.0", "", { "dependencies": { "@aws-crypto/sha256-browser": "5.2.0", "@aws-crypto/sha256-js": "5.2.0", "@aws-sdk/core": "^3.974.13", "@aws-sdk/credential-provider-node": "^3.972.44", "@aws-sdk/types": "^3.973.9", "@smithy/core": "^3.24.3", "@smithy/fetch-http-handler": "^5.4.3", "@smithy/node-http-handler": "^4.7.3", "@smithy/types": "^4.14.2", "tslib": "^2.6.2" } }, "sha512-G2DFopuyHBhcvraD4CX/oN9eRYfoK38MIqIYwQJV9YXiZuO9r5TmtzsHcs90LKjvWN4IfTfoSolpz5tbXPYOGw=="],

    "@aws-sdk/client-bedrock-runtime": ["@aws-sdk/client-bedrock-runtime@3.1053.0", "", { "dependencies": { "@aws-crypto/sha256-browser": "5.2.0", "@aws-crypto/sha256-js": "5.2.0", "@aws-sdk/core": "^3.974.13", "@aws-sdk/credential-provider-node": "^3.972.44", "@aws-sdk/eventstream-handler-node": "^3.972.17", "@aws-sdk/middleware-eventstream": "^3.972.13", "@aws-sdk/middleware-websocket": "^3.972.21", "@aws-sdk/token-providers": "3.1053.0", "@aws-sdk/types": "^3.973.9", "@smithy/core": "^3.24.3", "@smithy/fetch-http-handler": "^5.4.3", "@smithy/node-http-handler": "^4.7.3", "@smithy/types": "^4.14.2", "tslib": "^2.6.2" } }, "sha512-I5dua8y1logE+Mx6r5kvI1tjM+XyC3H42KDCpEqmhrJfanor/x/AdOavyv3HnS4sBqUxx2IrjLP3ouEumjeTzA=="],

    "@aws-sdk/core": ["@aws-sdk/core@3.974.13", "", { "dependencies": { "@aws-sdk/types": "^3.973.9", "@aws-sdk/xml-builder": "^3.972.25", "@aws/lambda-invoke-store": "^0.2.2", "@smithy/core": "^3.24.3", "@smithy/signature-v4": "^5.4.2", "@smithy/types": "^4.14.2", "bowser": "^2.11.0", "tslib": "^2.6.2" } }, "sha512-+Y5/4tHki0uYgyx8eun146DegRVQBpdKGK5RbV0FTKJPpaKTchvqVxrrRFK6Wk0JksO4iAZKw3eqxGEIwtO98w=="],

    "@aws-sdk/credential-provider-env": ["@aws-sdk/credential-provider-env@3.972.39", "", { "dependencies": { "@aws-sdk/core": "^3.974.13", "@aws-sdk/types": "^3.973.9", "@smithy/core": "^3.24.3", "@smithy/types": "^4.14.2", "tslib": "^2.6.2" } }, "sha512-29wX9zpAvEt1vcj0psha+y6ygBHy2V/S72mp6e7q0KARLWXq+pwE/lR6qGkwknQvruh52lXvlqZIga8Hdxkucw=="],

    "@aws-sdk/credential-provider-http": ["@aws-sdk/credential-provider-http@3.972.41", "", { "dependencies": { "@aws-sdk/core": "^3.974.13", "@aws-sdk/types": "^3.973.9", "@smithy/core": "^3.24.3", "@smithy/fetch-http-handler": "^5.4.3", "@smithy/node-http-handler": "^4.7.3", "@smithy/types": "^4.14.2", "tslib": "^2.6.2" } }, "sha512-IA3CQTjtJkb6u1H4mE4936c8OPBMa9Jggtwe8U2Mqw/vvb/tZ5Ebd0mcZcX0uKWQhOyYo/+qNIwkV5Xh+FeJJA=="],

    "@aws-sdk/credential-provider-ini": ["@aws-sdk/credential-provider-ini@3.972.43", "", { "dependencies": { "@aws-sdk/core": "^3.974.13", "@aws-sdk/credential-provider-env": "^3.972.39", "@aws-sdk/credential-provider-http": "^3.972.41", "@aws-sdk/credential-provider-login": "^3.972.43", "@aws-sdk/credential-provider-process": "^3.972.39", "@aws-sdk/credential-provider-sso": "^3.972.43", "@aws-sdk/credential-provider-web-identity": "^3.972.43", "@aws-sdk/nested-clients": "^3.997.11", "@aws-sdk/types": "^3.973.9", "@smithy/core": "^3.24.3", "@smithy/credential-provider-imds": "^4.3.2", "@smithy/types": "^4.14.2", "tslib": "^2.6.2" } }, "sha512-4mzII+3mZEVXXE1xzrLQrCJL7/r62A63bA6SVzZoNL5rqCJghpf+xgGltVrIBBs0n+mOZBKrQl2tRREtvZ5l6A=="],

    "@aws-sdk/credential-provider-login": ["@aws-sdk/credential-provider-login@3.972.43", "", { "dependencies": { "@aws-sdk/core": "^3.974.13", "@aws-sdk/nested-clients": "^3.997.11", "@aws-sdk/types": "^3.973.9", "@smithy/core": "^3.24.3", "@smithy/types": "^4.14.2", "tslib": "^2.6.2" } }, "sha512-HG7kQCwXtbv3oBV61Ins0oNX8KKyvrMqqRkb6ZiAfQHbMuHaiNaEb2KnpKLPkNpqImSBK82UkVE/kaY6IfWikA=="],

    "@aws-sdk/credential-provider-node": ["@aws-sdk/credential-provider-node@3.972.44", "", { "dependencies": { "@aws-sdk/credential-provider-env": "^3.972.39", "@aws-sdk/credential-provider-http": "^3.972.41", "@aws-sdk/credential-provider-ini": "^3.972.43", "@aws-sdk/credential-provider-process": "^3.972.39", "@aws-sdk/credential-provider-sso": "^3.972.43", "@aws-sdk/credential-provider-web-identity": "^3.972.43", "@aws-sdk/types": "^3.973.9", "@smithy/core": "^3.24.3", "@smithy/credential-provider-imds": "^4.3.2", "@smithy/types": "^4.14.2", "tslib": "^2.6.2" } }, "sha512-sDaBIT0yrNNIPfvlsiTCmANm07zKju+ipWODjEXgZlsjMeIJR3LVp7RDyAOzUoAsTbDfYKDWp+i5WrFiQP6rmQ=="],

    "@aws-sdk/credential-provider-process": ["@aws-sdk/credential-provider-process@3.972.39", "", { "dependencies": { "@aws-sdk/core": "^3.974.13", "@aws-sdk/types": "^3.973.9", "@smithy/core": "^3.24.3", "@smithy/types": "^4.14.2", "tslib": "^2.6.2" } }, "sha512-2k/amBifLd75eXNwgvPw/2lKYSQ3NhvHQgkVKVjfUq13/eJ3JRtHmznuFenn74OK3sSfp4SMy1YB2w+UVXoKqA=="],

    "@aws-sdk/credential-provider-sso": ["@aws-sdk/credential-provider-sso@3.972.43", "", { "dependencies": { "@aws-sdk/core": "^3.974.13", "@aws-sdk/nested-clients": "^3.997.11", "@aws-sdk/token-providers": "3.1052.0", "@aws-sdk/types": "^3.973.9", "@smithy/core": "^3.24.3", "@smithy/types": "^4.14.2", "tslib": "^2.6.2" } }, "sha512-LPc3+Y4vhH1T4x6CMqwCM6hk5+SRf/Lwmgm8INm95wxTtIRHcMwQUVkDzWu4Iw/RSncxYM2BC01OrYbxOPZvyg=="],

    "@aws-sdk/credential-provider-web-identity": ["@aws-sdk/credential-provider-web-identity@3.972.43", "", { "dependencies": { "@aws-sdk/core": "^3.974.13", "@aws-sdk/nested-clients": "^3.997.11", "@aws-sdk/types": "^3.973.9", "@smithy/core": "^3.24.3", "@smithy/types": "^4.14.2", "tslib": "^2.6.2" } }, "sha512-wQtL34lUD/09VXjwAUo2T+I3aEXRDxMB3DKmTJL/Zj0Gi6sLDTrVhae1XVt01yzkquOWajI/sZW72JGDZ1ciTw=="],

    "@aws-sdk/eventstream-handler-node": ["@aws-sdk/eventstream-handler-node@3.972.17", "", { "dependencies": { "@aws-sdk/types": "^3.973.9", "@smithy/core": "^3.24.3", "@smithy/types": "^4.14.2", "tslib": "^2.6.2" } }, "sha512-WFwdNcjchKZr7jKYgGimUZO8sSKQF/le7GGqgeCzz/lHozInE6b0gFJ1YMr8NaIeAoWJwgtrF7RE4/qMgosAdQ=="],

    "@aws-sdk/middleware-eventstream": ["@aws-sdk/middleware-eventstream@3.972.13", "", { "dependencies": { "@aws-sdk/types": "^3.973.9", "@smithy/core": "^3.24.3", "@smithy/types": "^4.14.2", "tslib": "^2.6.2" } }, "sha512-ECfsw7mf6G/sxNbKbGE3/h1xeIArY/yRI1IjDGYkLgDIankh+aDOtDRSr40LVlIHGL9+jEH1cVuxmbJ8NLL/1A=="],

    "@aws-sdk/middleware-websocket": ["@aws-sdk/middleware-websocket@3.972.21", "", { "dependencies": { "@aws-sdk/core": "^3.974.13", "@aws-sdk/types": "^3.973.9", "@smithy/core": "^3.24.3", "@smithy/fetch-http-handler": "^5.4.3", "@smithy/signature-v4": "^5.4.2", "@smithy/types": "^4.14.2", "tslib": "^2.6.2" } }, "sha512-yr+5+C7v9R55sAJ89A55Wrm7wIKPVn5cm6J3Hztnd5s/iwEUKxyJqCnIxJu4fVXgG9XBQD1Jc4rsWC1ozahJjA=="],

    "@aws-sdk/nested-clients": ["@aws-sdk/nested-clients@3.997.11", "", { "dependencies": { "@aws-crypto/sha256-browser": "5.2.0", "@aws-crypto/sha256-js": "5.2.0", "@aws-sdk/core": "^3.974.13", "@aws-sdk/signature-v4-multi-region": "^3.996.28", "@aws-sdk/types": "^3.973.9", "@smithy/core": "^3.24.3", "@smithy/fetch-http-handler": "^5.4.3", "@smithy/node-http-handler": "^4.7.3", "@smithy/types": "^4.14.2", "tslib": "^2.6.2" } }, "sha512-nWXXJ1r/r8N2Gw1pWolRgED38/A9A8DHR2ETWIv220zh4PZHcybbR4hUVWWktmNXTRHzDJwRluapHn0rZxuoqA=="],

    "@aws-sdk/signature-v4-multi-region": ["@aws-sdk/signature-v4-multi-region@3.996.28", "", { "dependencies": { "@aws-sdk/types": "^3.973.9", "@smithy/core": "^3.24.3", "@smithy/signature-v4": "^5.4.2", "@smithy/types": "^4.14.2", "tslib": "^2.6.2" } }, "sha512-qs9z5LqXO/CZC2Lg9SGKpoLU8Rhi+m2pFKZqfO9pytX1clc0katqtsDNupJxFy0xT9wsZSPzM2v1y+/H/zfp5Q=="],

    "@aws-sdk/token-providers": ["@aws-sdk/token-providers@3.1053.0", "", { "dependencies": { "@aws-sdk/core": "^3.974.13", "@aws-sdk/nested-clients": "^3.997.11", "@aws-sdk/types": "^3.973.9", "@smithy/core": "^3.24.3", "@smithy/types": "^4.14.2", "tslib": "^2.6.2" } }, "sha512-laSwHLYMMrXQRl2mFDXszF43m/F4pKWyGr7hCLfJmV8rn8c6CnI/hp/bf/Gn7gLcjz0SY4evd7SBpqtnIhzA/A=="],

    "@aws-sdk/types": ["@aws-sdk/types@3.973.9", "", { "dependencies": { "@smithy/types": "^4.14.2", "tslib": "^2.6.2" } }, "sha512-kuBfgQVdcz5Bmapc4A13YbpVw/pXkesfhetcFYwbntqas8sF41OHyd4o28+/TG2ZQdHBsv90Lsu5y6oitvYCdg=="],

    "@aws-sdk/util-locate-window": ["@aws-sdk/util-locate-window@3.965.5", "", { "dependencies": { "tslib": "^2.6.2" } }, "sha512-WhlJNNINQB+9qtLtZJcpQdgZw3SCDCpXdUJP7cToGwHbCWCnRckGlc6Bx/OhWwIYFNAn+FIydY8SZ0QmVu3xTQ=="],

    "@aws-sdk/xml-builder": ["@aws-sdk/xml-builder@3.972.25", "", { "dependencies": { "@nodable/entities": "2.1.0", "@smithy/types": "^4.14.2", "fast-xml-parser": "5.7.3", "tslib": "^2.6.2" } }, "sha512-GH+Kjz4nPKWKHnsiQpnhP1MJdTGIcK4rAka6tzakgjjUkVgNsmPeEbbRAf09SzS1hjGu6duGHCBsxYke0BhHjQ=="],

    "@aws/lambda-invoke-store": ["@aws/lambda-invoke-store@0.2.4", "", {}, "sha512-iY8yvjE0y651BixKNPgmv1WrQc+GZ142sb0z4gYnChDDY2YqI4P/jsSopBWrKfAt7LOJAkOXt7rC/hms+WclQQ=="],

    "@balena/dockerignore": ["@balena/dockerignore@1.0.2", "", {}, "sha512-wMue2Sy4GAVTk6Ic4tJVcnfdau+gx2EnG7S+uAEe+TWJFqE4YoWN4/H8MSLj4eYJKxGg26lZwboEniNiNwZQ6Q=="],

    "@nodable/entities": ["@nodable/entities@2.1.0", "", {}, "sha512-nyT7T3nbMyBI/lvr6L5TyWbFJAI9FTgVRakNoBqCD+PmID8DzFrrNdLLtHMwMszOtqZa8PAOV24ZqDnQrhQINA=="],

    "@opentelemetry/api": ["@opentelemetry/api@1.9.1", "", {}, "sha512-gLyJlPHPZYdAk1JENA9LeHejZe1Ti77/pTeFm/nMXmQH/HFZlcS/O2XJB+L8fkbrNSqhdtlvjBVjxwUYanNH5Q=="],

    "@opentelemetry/api-logs": ["@opentelemetry/api-logs@0.218.0", "", { "dependencies": { "@opentelemetry/api": "^1.3.0" } }, "sha512-fmEWp5kXlGEc3i/lR698Hz41DfGyN4Tbe4g7L1AxSc7fF8Xeh/FQ9Quqpa9dVA413Q1Ad43QOLzU4JoXgbFPWw=="],

    "@opentelemetry/context-async-hooks": ["@opentelemetry/context-async-hooks@2.7.1", "", { "peerDependencies": { "@opentelemetry/api": ">=1.0.0 <1.10.0" } }, "sha512-OPFBYuXEn1E4ja3Y6eeA7O+ZnLBNcXTV5Cgsn1VaqBZ6hC5FnpZPLBNme1LJY8ZtF4aOujPKFoeWN4ik487KuQ=="],

    "@opentelemetry/core": ["@opentelemetry/core@2.7.1", "", { "dependencies": { "@opentelemetry/semantic-conventions": "^1.29.0" }, "peerDependencies": { "@opentelemetry/api": ">=1.0.0 <1.10.0" } }, "sha512-QAqIj32AtK6+pEVNG7EOVxHdE06RP+FM5qpiEJ4RtDcFIqKUZHYhl7/7UY5efhwmwNAg7j8QbJVBLxMerc0+gw=="],

    "@opentelemetry/exporter-trace-otlp-http": ["@opentelemetry/exporter-trace-otlp-http@0.218.0", "", { "dependencies": { "@opentelemetry/core": "2.7.1", "@opentelemetry/otlp-exporter-base": "0.218.0", "@opentelemetry/otlp-transformer": "0.218.0", "@opentelemetry/resources": "2.7.1", "@opentelemetry/sdk-trace-base": "2.7.1" }, "peerDependencies": { "@opentelemetry/api": "^1.3.0" } }, "sha512-8dqezsmPhtKitIK/eTipZhYl9EX2/gNQ5zUMhaz3uxEURwfkNf8IPvo6yNfrzbxdtpAOybS/+h7wmIWYqFSpiw=="],

    "@opentelemetry/otlp-exporter-base": ["@opentelemetry/otlp-exporter-base@0.218.0", "", { "dependencies": { "@opentelemetry/core": "2.7.1", "@opentelemetry/otlp-transformer": "0.218.0" }, "peerDependencies": { "@opentelemetry/api": "^1.3.0" } }, "sha512-ZwqpkNL5W7RyGJPDZ9g06DvKp8KFTWPJPN12anpMQYSKpTSU0z3EIZuPq9vPGpS8siFyOqDYDAuCwlNO9FqgbA=="],

    "@opentelemetry/otlp-transformer": ["@opentelemetry/otlp-transformer@0.218.0", "", { "dependencies": { "@opentelemetry/api-logs": "0.218.0", "@opentelemetry/core": "2.7.1", "@opentelemetry/resources": "2.7.1", "@opentelemetry/sdk-logs": "0.218.0", "@opentelemetry/sdk-metrics": "2.7.1", "@opentelemetry/sdk-trace-base": "2.7.1" }, "peerDependencies": { "@opentelemetry/api": "^1.3.0" } }, "sha512-CFaKH87WAzjuJ4awowTTLzUvMfaRfiOFG5+qm5S5ncyalRtN4ecQ+YmuANJSCrVPuvZFEkUgKhBPBndxi3rHsQ=="],

    "@opentelemetry/resources": ["@opentelemetry/resources@2.7.1", "", { "dependencies": { "@opentelemetry/core": "2.7.1", "@opentelemetry/semantic-conventions": "^1.29.0" }, "peerDependencies": { "@opentelemetry/api": ">=1.3.0 <1.10.0" } }, "sha512-DeT6KKolmC4e/dRQvMQ/RwlnzhaqeiFOXY5ngoOPJ07GgVVKxZOg9EcrNZb5aTzUn+iCrJldAgOfQm1O/QfPAQ=="],

    "@opentelemetry/sdk-logs": ["@opentelemetry/sdk-logs@0.218.0", "", { "dependencies": { "@opentelemetry/api-logs": "0.218.0", "@opentelemetry/core": "2.7.1", "@opentelemetry/resources": "2.7.1", "@opentelemetry/semantic-conventions": "^1.29.0" }, "peerDependencies": { "@opentelemetry/api": ">=1.4.0 <1.10.0" } }, "sha512-QvnNdugatFTVCJXH0Mcu7GOOJSylA9j127kIezOE4YwTI4YbowRons2K4WZTv5FMS8T4q9P0NdaRHdkSmeAIag=="],

    "@opentelemetry/sdk-metrics": ["@opentelemetry/sdk-metrics@2.7.1", "", { "dependencies": { "@opentelemetry/core": "2.7.1", "@opentelemetry/resources": "2.7.1" }, "peerDependencies": { "@opentelemetry/api": ">=1.9.0 <1.10.0" } }, "sha512-MpDJdkiFDs3Pm1RHO3KByuZbuBdJEXEAkiC0+yJdsZGVCdf1RpHR6n+LHDcS7ffmfrt5kVCzJSCfm4z2C7v0uQ=="],

    "@opentelemetry/sdk-trace-base": ["@opentelemetry/sdk-trace-base@2.7.1", "", { "dependencies": { "@opentelemetry/core": "2.7.1", "@opentelemetry/resources": "2.7.1", "@opentelemetry/semantic-conventions": "^1.29.0" }, "peerDependencies": { "@opentelemetry/api": ">=1.3.0 <1.10.0" } }, "sha512-NAYIlsF8MPUsKqJMiDQJTMPOmlbawC1Iz/omMLygZ1C9am8fTKYjTaI+OZM+WTY3t3Glo0wnOg/6/pac6RGPPw=="],

    "@opentelemetry/sdk-trace-node": ["@opentelemetry/sdk-trace-node@2.7.1", "", { "dependencies": { "@opentelemetry/context-async-hooks": "2.7.1", "@opentelemetry/core": "2.7.1", "@opentelemetry/sdk-trace-base": "2.7.1" }, "peerDependencies": { "@opentelemetry/api": ">=1.0.0 <1.10.0" } }, "sha512-pCpQxU68lV+I9s9svqMyVu5iHdDDUnqUpSxqwyCU8A9ejEsSnMPCbearwsUO4yk08ZJzAIUCFuReMdVQvHrdvg=="],

    "@opentelemetry/semantic-conventions": ["@opentelemetry/semantic-conventions@1.41.1", "", {}, "sha512-/UhIkaZgPutTFmQ7RnIJGgDXZmtEJ7Dvi86xNTFWcnRxVRNk/aotsqDJYeEvDP+FSMB2SdW+pQzNMcWP0rwuNA=="],

    "@smithy/core": ["@smithy/core@3.24.4", "", { "dependencies": { "@aws-crypto/crc32": "5.2.0", "@smithy/types": "^4.14.2", "tslib": "^2.6.2" } }, "sha512-3UNRKEyQyAgVgM0LGlerCLm+ChZWZ1GPfde+jBEW6bm6bSBGU1p0EbblaUV3unbhwvidjLA5Zs3sOs7mnZwvAw=="],

    "@smithy/credential-provider-imds": ["@smithy/credential-provider-imds@4.3.4", "", { "dependencies": { "@smithy/core": "^3.24.4", "@smithy/types": "^4.14.2", "tslib": "^2.6.2" } }, "sha512-vKW0MEFRU4Y3MkVZUkpJm+g9qyPGLCXhc0YLggUdSdBB4g7IaSSsCE75P9rBXyWHrXY1UYSQUl8/DwsTR7QciA=="],

    "@smithy/fetch-http-handler": ["@smithy/fetch-http-handler@5.4.4", "", { "dependencies": { "@smithy/core": "^3.24.4", "@smithy/types": "^4.14.2", "tslib": "^2.6.2" } }, "sha512-qM7AUKI4G6d7lNgaZD3lA1tWSolh5r6gcixfTZAPstVURfjIbvreVTPz+994M0yC3HbX4YYhDRgr31Xy3XwWOQ=="],

    "@smithy/is-array-buffer": ["@smithy/is-array-buffer@2.2.0", "", { "dependencies": { "tslib": "^2.6.2" } }, "sha512-GGP3O9QFD24uGeAXYUjwSTXARoqpZykHadOmA8G5vfJPK0/DC67qa//0qvqrJzL1xc8WQWX7/yc7fwudjPHPhA=="],

    "@smithy/node-http-handler": ["@smithy/node-http-handler@4.7.4", "", { "dependencies": { "@smithy/core": "^3.24.4", "@smithy/types": "^4.14.2", "tslib": "^2.6.2" } }, "sha512-HIeF+1vrDGzPkkv39Hj2vlHSXHY3p958jd/8ZnePIY6+ZOsQX8coyEUKO5yQu4r0bQIVsbpotVIrXXwyycMStQ=="],

    "@smithy/signature-v4": ["@smithy/signature-v4@5.4.4", "", { "dependencies": { "@smithy/core": "^3.24.4", "@smithy/types": "^4.14.2", "tslib": "^2.6.2" } }, "sha512-e5UtkMvsatzBfbeBZjEOt0k0Z3BEsjTFL/n6fdO5vtBLe67tdy0dX7xw2DU7uZ3acwoHyeCqpU2Fzb7pxwHb6Q=="],

    "@smithy/types": ["@smithy/types@4.14.2", "", { "dependencies": { "tslib": "^2.6.2" } }, "sha512-P+otAxbV4CqBybp7EkcJCrig63yE2E7PuNVOmilVMRcx/O+QDzGULTrKsq4DV13gSfak9ObPrWaHl/9bL5YcWw=="],

    "@smithy/util-buffer-from": ["@smithy/util-buffer-from@2.2.0", "", { "dependencies": { "@smithy/is-array-buffer": "^2.2.0", "tslib": "^2.6.2" } }, "sha512-IJdWBbTcMQ6DA0gdNhh/BwrLkDR+ADW5Kr1aZmd4k3DIF6ezMV4R2NIAmT08wQJ3yUK82thHWmC/TnK/wpMMIA=="],

    "@smithy/util-utf8": ["@smithy/util-utf8@2.3.0", "", { "dependencies": { "@smithy/util-buffer-from": "^2.2.0", "tslib": "^2.6.2" } }, "sha512-R8Rdn8Hy72KKcebgLiv8jQcQkXoLMOGGv5uI1/k0l+snqkOzQ1R0ChUBCxWMlBsFMekWjq0wRudIweFs7sKT5A=="],

    "@types/node": ["@types/node@20.19.41", "", { "dependencies": { "undici-types": "~6.21.0" } }, "sha512-ECymXOukMnOoVkC2bb1Vc/w/836DXncOg5m8Xj1RH7xSHZJWNYY6Zh7EH477vcnD5egKNNfy2RpNOmuChhFPgQ=="],

    "ajv": ["ajv@8.20.0", "", { "dependencies": { "fast-deep-equal": "^3.1.3", "fast-uri": "^3.0.1", "json-schema-traverse": "^1.0.0", "require-from-string": "^2.0.2" } }, "sha512-Thbli+OlOj+iMPYFBVBfJ3OmCAnaSyNn4M1vz9T6Gka5Jt9ba/HIR56joy65tY6kx/FCF5VXNB819Y7/GUrBGA=="],

    "ansi-regex": ["ansi-regex@5.0.1", "", {}, "sha512-quJQXlTSUGL2LH9SUXo8VwsY4soanhgo6LNSm84E1LBcE8s3O0wpdiRzyR9z/ZZJMlMWv37qOOb9pdJlMUEKFQ=="],

    "ansi-styles": ["ansi-styles@4.3.0", "", { "dependencies": { "color-convert": "^2.0.1" } }, "sha512-zbB9rCJAT1rbjiVDb2hqKFHNYLxgtk8NURxZ3IZwD3F6NtxbXZQCnnSi1Lkx+IDohdPlFp222wVALIheZJQSEg=="],

    "astral-regex": ["astral-regex@2.0.0", "", {}, "sha512-Z7tMw1ytTXt5jqMcOP+OQteU1VuNK9Y02uuJtKQ1Sv69jXQKKg5cibLwGJow8yzZP+eAc18EmLGPal0bp36rvQ=="],

    "aws-cdk": ["aws-cdk@2.1124.1", "", { "bin": { "cdk": "bin/cdk" } }, "sha512-sRYdPMdkX+02EHaT946AFV0w0CMfbHKWpLZPv525xTCkaVu1eYu6DzHFuTdimxdSN0uGQ2D4LHrD1sr94tRhow=="],

    "aws-cdk-lib": ["aws-cdk-lib@2.257.0", "", { "dependencies": { "@aws-cdk/asset-awscli-v1": "2.2.273", "@aws-cdk/asset-node-proxy-agent-v6": "^2.1.1", "@aws-cdk/cloud-assembly-api": "^2.2.4", "@aws-cdk/cloud-assembly-schema": "^53.25.0", "@balena/dockerignore": "^1.0.2", "case": "1.6.3", "fs-extra": "^11.3.3", "ignore": "^5.3.2", "jsonschema": "^1.5.0", "mime-types": "^2.1.35", "minimatch": "^10.2.3", "punycode": "^2.3.1", "semver": "^7.7.4", "table": "^6.9.0", "yaml": "1.10.3" }, "peerDependencies": { "constructs": "^10.5.0" } }, "sha512-GoHfWklrBJcMwLtDlY64pvaT7cD2KyDXC8sik89DR6jHl6nQsBtYTKSJCM+C/k4jgXaecbv8myNX75FySejq0A=="],

    "balanced-match": ["balanced-match@4.0.4", "", {}, "sha512-BLrgEcRTwX2o6gGxGOCNyMvGSp35YofuYzw9h1IMTRmKqttAZZVU67bdb9Pr2vUHA8+j3i2tJfjO6C6+4myGTA=="],

    "bowser": ["bowser@2.14.1", "", {}, "sha512-tzPjzCxygAKWFOJP011oxFHs57HzIhOEracIgAePE4pqB3LikALKnSzUyU4MGs9/iCEUuHlAJTjTc5M+u7YEGg=="],

    "brace-expansion": ["brace-expansion@5.0.6", "", { "dependencies": { "balanced-match": "^4.0.2" } }, "sha512-kLpxurY4Z4r9sgMsyG0Z9uzsBlgiU/EFKhj/h91/8yHu0edo7XuixOIH3VcJ8kkxs6/jPzoI6U9Vj3WqbMQ94g=="],

    "case": ["case@1.6.3", "", {}, "sha512-mzDSXIPaFwVDvZAHqZ9VlbyF4yyXRuX6IvB06WvPYkqJVO24kX1PPhv9bfpKNFZyxYFmmgo03HUiD8iklmJYRQ=="],

    "color-convert": ["color-convert@2.0.1", "", { "dependencies": { "color-name": "~1.1.4" } }, "sha512-RRECPsj7iu/xb5oKYcsFHSppFNnsj/52OVTRKb4zP5onXwVF3zVmmToNcOfGC+CRDpfK/U584fMg38ZHCaElKQ=="],

    "color-name": ["color-name@1.1.4", "", {}, "sha512-dOy+3AuW3a2wNbZHIuMZpTcgjGuLU/uBL/ubcZF9OXbDo8ff4O8yVp5Bf0efS8uEoYo5q4Fx7dY9OgQGXgAsQA=="],

    "constructs": ["constructs@10.6.0", "", {}, "sha512-TxHOnBO5zMo/G76ykzGF/wMpEHu257TbWiIxP9K0Yv/+t70UzgBQiTqjkAsWOPC6jW91DzJI0+ehQV6xDRNBuQ=="],

    "emoji-regex": ["emoji-regex@8.0.0", "", {}, "sha512-MSjYzcWNOA0ewAHpz0MxpYFvwg6yjy1NG3xteoqz644VCo/RPgnr1/GGt+ic3iJTzQ8Eu3TdM14SawnVUmGE6A=="],

    "fast-deep-equal": ["fast-deep-equal@3.1.3", "", {}, "sha512-f3qQ9oQy9j2AhBe/H9VC91wLmKBCCU/gDOnKNAYG5hswO7BLKj09Hc5HYNz9cGI++xlpDCIgDaitVs03ATR84Q=="],

    "fast-uri": ["fast-uri@3.1.2", "", {}, "sha512-rVjf7ArG3LTk+FS6Yw81V1DLuZl1bRbNrev6Tmd/9RaroeeRRJhAt7jg/6YFxbvAQXUCavSoZhPPj6oOx+5KjQ=="],

    "fast-xml-builder": ["fast-xml-builder@1.2.0", "", { "dependencies": { "path-expression-matcher": "^1.5.0", "xml-naming": "^0.1.0" } }, "sha512-00aAWieqff+ZJhsXA4g1g7M8k+7AYoMUUHF+/zFb5U6Uv/P0Vl4QZo84/IcufzYalLuEj9928bXN9PbbFzMF0Q=="],

    "fast-xml-parser": ["fast-xml-parser@5.7.3", "", { "dependencies": { "@nodable/entities": "^2.1.0", "fast-xml-builder": "^1.1.7", "path-expression-matcher": "^1.5.0", "strnum": "^2.2.3" }, "bin": { "fxparser": "src/cli/cli.js" } }, "sha512-C0AaNuC+mscy6vrAQKAc/rMq+zAPHodfHGZu4sGVehvAQt/JLG1O5zEcYcXSY5zSqr4YVgxsB+pHXTq0i7eDlg=="],

    "fs-extra": ["fs-extra@11.3.5", "", { "dependencies": { "graceful-fs": "^4.2.0", "jsonfile": "^6.0.1", "universalify": "^2.0.0" } }, "sha512-eKpRKAovdpZtR1WopLHxlBWvAgPny3c4gX1G5Jhwmmw4XJj0ifSD5qB5TOo8hmA0wlRKDAOAhEE1yVPgs6Fgcg=="],

    "graceful-fs": ["graceful-fs@4.2.11", "", {}, "sha512-RbJ5/jmFcNNCcDV5o9eTnBLJ/HszWV0P73bc+Ff4nS/rJj+YaS6IGyiOL0VoBYX+l1Wrl3k63h/KrH+nhJ0XvQ=="],

    "ignore": ["ignore@5.3.2", "", {}, "sha512-hsBTNUqQTDwkWtcdYI2i06Y/nUBEsNEDJKjWdigLvegy8kDuJAS8uRlpkkcQpyEXL0Z/pjDy5HBmMjRCJ2gq+g=="],

    "is-fullwidth-code-point": ["is-fullwidth-code-point@3.0.0", "", {}, "sha512-zymm5+u+sCsSWyD9qNaejV3DFvhCKclKdizYaJUuHA83RLjb7nSuGnddCHGv0hk+KY7BMAlsWeK4Ueg6EV6XQg=="],

    "json-schema-traverse": ["json-schema-traverse@1.0.0", "", {}, "sha512-NM8/P9n3XjXhIZn1lLhkFaACTOURQXjWhV4BA/RnOv8xvgqtqpAX9IO4mRQxSx1Rlo4tqzeqb0sOlruaOy3dug=="],

    "jsonfile": ["jsonfile@6.2.1", "", { "dependencies": { "universalify": "^2.0.0" }, "optionalDependencies": { "graceful-fs": "^4.1.6" } }, "sha512-zwOTdL3rFQ/lRdBnntKVOX6k5cKJwEc1HdilT71BWEu7J41gXIB2MRp+vxduPSwZJPWBxEzv4yH1wYLJGUHX4Q=="],

    "jsonschema": ["jsonschema@1.5.0", "", {}, "sha512-K+A9hhqbn0f3pJX17Q/7H6yQfD/5OXgdrR5UE12gMXCiN9D5Xq2o5mddV2QEcX/bjla99ASsAAQUyMCCRWAEhw=="],

    "lodash.truncate": ["lodash.truncate@4.4.2", "", {}, "sha512-jttmRe7bRse52OsWIMDLaXxWqRAmtIUccAQ3garviCqJjafXOfNMO0yMfNpdD6zbGaTU0P5Nz7e7gAT6cKmJRw=="],

    "mime-db": ["mime-db@1.52.0", "", {}, "sha512-sPU4uV7dYlvtWJxwwxHD0PuihVNiE7TyAbQ5SWxDCB9mUYvOgroQOwYQQOKPJ8CIbE+1ETVlOoK1UC2nU3gYvg=="],

    "mime-types": ["mime-types@2.1.35", "", { "dependencies": { "mime-db": "1.52.0" } }, "sha512-ZDY+bPm5zTTF+YpCrAU9nK0UgICYPT0QtT1NZWFv4s++TNkcgVaT0g6+4R2uI4MjQjzysHB1zxuWL50hzaeXiw=="],

    "minimatch": ["minimatch@10.2.5", "", { "dependencies": { "brace-expansion": "^5.0.5" } }, "sha512-MULkVLfKGYDFYejP07QOurDLLQpcjk7Fw+7jXS2R2czRQzR56yHRveU5NDJEOviH+hETZKSkIk5c+T23GjFUMg=="],

    "path-expression-matcher": ["path-expression-matcher@1.5.0", "", {}, "sha512-cbrerZV+6rvdQrrD+iGMcZFEiiSrbv9Tfdkvnusy6y0x0GKBXREFg/Y65GhIfm0tnLntThhzCnfKwp1WRjeCyQ=="],

    "punycode": ["punycode@2.3.1", "", {}, "sha512-vYt7UD1U9Wg6138shLtLOvdAu+8DsC/ilFtEVHcH+wydcSpNE20AfSOduf6MkRFahL5FY7X1oU7nKVZFtfq8Fg=="],

    "require-from-string": ["require-from-string@2.0.2", "", {}, "sha512-Xf0nWe6RseziFMu+Ap9biiUbmplq6S9/p+7w7YXP/JBHhrUDDUhwa+vANyubuqfZWTveU//DYVGsDG7RKL/vEw=="],

    "semver": ["semver@7.8.1", "", { "bin": { "semver": "bin/semver.js" } }, "sha512-rkVq3IXh+4FDGch+KwzX3aV9W3kO54GyEgpvBzSyctDA6Xtd7RJQV1xmXbeQp5v7+VzLOfVqiutSE6GICgPFvg=="],

    "slice-ansi": ["slice-ansi@4.0.0", "", { "dependencies": { "ansi-styles": "^4.0.0", "astral-regex": "^2.0.0", "is-fullwidth-code-point": "^3.0.0" } }, "sha512-qMCMfhY040cVHT43K9BFygqYbUPFZKHOg7K73mtTWJRb8pyP3fzf4Ixd5SzdEJQ6MRUg/WBnOLxghZtKKurENQ=="],

    "string-width": ["string-width@4.2.3", "", { "dependencies": { "emoji-regex": "^8.0.0", "is-fullwidth-code-point": "^3.0.0", "strip-ansi": "^6.0.1" } }, "sha512-wKyQRQpjJ0sIp62ErSZdGsjMJWsap5oRNihHhu6G7JVO/9jIB6UyevL+tXuOqrng8j/cxKTWyWUwvSTriiZz/g=="],

    "strip-ansi": ["strip-ansi@6.0.1", "", { "dependencies": { "ansi-regex": "^5.0.1" } }, "sha512-Y38VPSHcqkFrCpFnQ9vuSXmquuv5oXOKpGeT6aGrr3o3Gc9AlVa6JBfUSOCnbxGGZF+/0ooI7KrPuUSztUdU5A=="],

    "strnum": ["strnum@2.3.0", "", {}, "sha512-ums3KNd42PGyx5xaoVTO1mjU1bH3NpY4vsrVlnv9PNGqQj8wd7rJ6nEypLrJ7z5vxK5RP0yMLo6J/Gsm62DI5Q=="],

    "table": ["table@6.9.0", "", { "dependencies": { "ajv": "^8.0.1", "lodash.truncate": "^4.4.2", "slice-ansi": "^4.0.0", "string-width": "^4.2.3", "strip-ansi": "^6.0.1" } }, "sha512-9kY+CygyYM6j02t5YFHbNz2FN5QmYGv9zAjVp4lCDjlCw7amdckXlEt/bjMhUIfj4ThGRE4gCUH5+yGnNuPo5A=="],

    "tslib": ["tslib@2.8.1", "", {}, "sha512-oJFu94HQb+KVduSUQL7wnpmqnfmLsOA/nAh6b6EH0wCEoK0/mPeXU6c3wKDV83MkOuHPRHtSXKKU99IBazS/2w=="],

    "typescript": ["typescript@5.9.3", "", { "bin": { "tsc": "bin/tsc", "tsserver": "bin/tsserver" } }, "sha512-jl1vZzPDinLr9eUt3J/t7V6FgNEw9QjvBPdysz9KfQDD41fQrC2Y4vKQdiaUpFT4bXlb1RHhLpp8wtm6M5TgSw=="],

    "undici-types": ["undici-types@6.21.0", "", {}, "sha512-iwDZqg0QAGrg9Rav5H4n0M64c3mkR59cJ6wQp+7C4nI0gsmExaedaYLNO44eT4AtBBwjbTiGPMlt2Md0T9H9JQ=="],

    "universalify": ["universalify@2.0.1", "", {}, "sha512-gptHNQghINnc/vTGIk0SOFGFNXw7JVrlRUtConJRlvaw6DuX0wO5Jeko9sWrMBhh+PsYAZ7oXAiOnf/UKogyiw=="],

    "xml-naming": ["xml-naming@0.1.0", "", {}, "sha512-k8KO9hrMyNk6tUWqUfkTEZbezRRpONVOzUTnc97VnCvyj6Tf9lyUR9EDAIeiVLv56jsMcoXEwjW8Kv5yPY52lw=="],

    "yaml": ["yaml@1.10.3", "", {}, "sha512-vIYeF1u3CjlhAFekPPAk2h/Kv4T3mAkMox5OymRiJQB0spDP10LHvt+K7G9Ny6NuuMAb25/6n1qyUjAcGNf/AA=="],

    "@aws-cdk/cloud-assembly-schema/jsonschema": ["jsonschema@1.5.0", "", { "bundled": true }, "sha512-K+A9hhqbn0f3pJX17Q/7H6yQfD/5OXgdrR5UE12gMXCiN9D5Xq2o5mddV2QEcX/bjla99ASsAAQUyMCCRWAEhw=="],

    "@aws-cdk/cloud-assembly-schema/semver": ["semver@7.8.1", "", { "bundled": true, "bin": { "semver": "bin/semver.js" } }, "sha512-rkVq3IXh+4FDGch+KwzX3aV9W3kO54GyEgpvBzSyctDA6Xtd7RJQV1xmXbeQp5v7+VzLOfVqiutSE6GICgPFvg=="],

    "@aws-sdk/credential-provider-sso/@aws-sdk/token-providers": ["@aws-sdk/token-providers@3.1052.0", "", { "dependencies": { "@aws-sdk/core": "^3.974.13", "@aws-sdk/nested-clients": "^3.997.11", "@aws-sdk/types": "^3.973.9", "@smithy/core": "^3.24.3", "@smithy/types": "^4.14.2", "tslib": "^2.6.2" } }, "sha512-QqZNB3so7UIDxZtroc85TQaLVxdZRFm0eWM1CSR2N+b06as9TOrilvrlTZuj3guYlxMs6yLOgGxnklJ5qMYtTw=="],
  }
}
